
Microsoft Visual Studio Solution File, Format Version 12.00
# Visual Studio Version 17
VisualStudioVersion = 17.3.32929.385
MinimumVisualStudioVersion = 10.0.40219.1
Project("{FAE04EC0-301F-11D3-BF4B-00C04F79EFBC}") = "Rozdzial 5", "Rozdzial 5\Rozdzial 5.csproj", "{3B865E58-073C-4F56-B655-E13DC82D0253}"
EndProject
Global
	GlobalSection(SolutionConfigurationPlatforms) = preSolution
		Debug|Any CPU = Debug|Any CPU
		Release|Any CPU = Release|Any CPU
	EndGlobalSection
	GlobalSection(ProjectConfigurationPlatforms) = postSolution
		{3B865E58-073C-4F56-B655-E13DC82D0253}.Debug|Any CPU.ActiveCfg = Debug|Any CPU
		{3B865E58-073C-4F56-B655-E13DC82D0253}.Debug|Any CPU.Build.0 = Debug|Any CPU
		{3B865E58-073C-4F56-B655-E13DC82D0253}.Release|Any CPU.ActiveCfg = Release|Any CPU
		{3B865E58-073C-4F56-B655-E13DC82D0253}.Release|Any CPU.Build.0 = Release|Any CPU
	EndGlobalSection
	GlobalSection(SolutionProperties) = preSolution
		HideSolutionNode = FALSE
	EndGlobalSection
	GlobalSection(ExtensibilityGlobals) = postSolution
		SolutionGuid = {AED1AC18-5C2D-4074-924C-EB3A15BC97EA}
	EndGlobalSection
EndGlobal
