
Microsoft Visual Studio Solution File, Format Version 12.00
# Visual Studio Version 17
VisualStudioVersion = 17.3.32922.545
MinimumVisualStudioVersion = 10.0.40219.1
Project("{FAE04EC0-301F-11D3-BF4B-00C04F79EFBC}") = "Rozdzial 3", "Rozdzial 3\Rozdzial 3.csproj", "{51993FBA-2478-4A1E-9D35-BC5D5190D3A6}"
EndProject
Global
	GlobalSection(SolutionConfigurationPlatforms) = preSolution
		Debug|Any CPU = Debug|Any CPU
		Release|Any CPU = Release|Any CPU
	EndGlobalSection
	GlobalSection(ProjectConfigurationPlatforms) = postSolution
		{51993FBA-2478-4A1E-9D35-BC5D5190D3A6}.Debug|Any CPU.ActiveCfg = Debug|Any CPU
		{51993FBA-2478-4A1E-9D35-BC5D5190D3A6}.Debug|Any CPU.Build.0 = Debug|Any CPU
		{51993FBA-2478-4A1E-9D35-BC5D5190D3A6}.Release|Any CPU.ActiveCfg = Release|Any CPU
		{51993FBA-2478-4A1E-9D35-BC5D5190D3A6}.Release|Any CPU.Build.0 = Release|Any CPU
	EndGlobalSection
	GlobalSection(SolutionProperties) = preSolution
		HideSolutionNode = FALSE
	EndGlobalSection
	GlobalSection(ExtensibilityGlobals) = postSolution
		SolutionGuid = {98275C71-C1FE-4F0B-A5A2-E1AF1034A2DC}
	EndGlobalSection
EndGlobal
